
Microsoft Visual Studio Solution File, Format Version 12.00
# Visual Studio 15
VisualStudioVersion = 15.0.26730.16
MinimumVisualStudioVersion = 10.0.40219.1
Project("{FAE04EC0-301F-11D3-BF4B-00C04F79EFBC}") = "Instagram.WebUI", "Instagram.WebUI\Instagram.WebUI.csproj", "{90F2ECC3-D743-48B6-ACC1-F41E7B65023A}"
EndProject
Global
	GlobalSection(SolutionConfigurationPlatforms) = preSolution
		Debug|Any CPU = Debug|Any CPU
		Release|Any CPU = Release|Any CPU
	EndGlobalSection
	GlobalSection(ProjectConfigurationPlatforms) = postSolution
		{90F2ECC3-D743-48B6-ACC1-F41E7B65023A}.Debug|Any CPU.ActiveCfg = Debug|Any CPU
		{90F2ECC3-D743-48B6-ACC1-F41E7B65023A}.Debug|Any CPU.Build.0 = Debug|Any CPU
		{90F2ECC3-D743-48B6-ACC1-F41E7B65023A}.Release|Any CPU.ActiveCfg = Release|Any CPU
		{90F2ECC3-D743-48B6-ACC1-F41E7B65023A}.Release|Any CPU.Build.0 = Release|Any CPU
	EndGlobalSection
	GlobalSection(SolutionProperties) = preSolution
		HideSolutionNode = FALSE
	EndGlobalSection
	GlobalSection(ExtensibilityGlobals) = postSolution
		SolutionGuid = {150C6920-47B2-4AAE-98BA-83B2EF1224C9}
	EndGlobalSection
EndGlobal
